
Microsoft Visual Studio Solution File, Format Version 12.00
# Visual Studio Version 17
VisualStudioVersion = 17.4.33103.184
MinimumVisualStudioVersion = 10.0.40219.1
Project("{6EC3EE1D-3C4E-46DD-8F32-0CC8E7565705}") = "Popup", "Popup\Popup.fsproj", "{F52C59A3-B197-49D7-A116-0FDDA58CB4F2}"
EndProject
Project("{6EC3EE1D-3C4E-46DD-8F32-0CC8E7565705}") = "Manifest", "Manifest\Manifest.fsproj", "{C1DF1F73-95B6-42ED-8C07-3B126D1DF5D4}"
EndProject
Project("{6EC3EE1D-3C4E-46DD-8F32-0CC8E7565705}") = "Content", "Content\Content.fsproj", "{39BE2BF7-0D0B-4964-9C1F-DEB88F304C9E}"
EndProject
Global
	GlobalSection(SolutionConfigurationPlatforms) = preSolution
		Debug|Any CPU = Debug|Any CPU
		Release|Any CPU = Release|Any CPU
	EndGlobalSection
	GlobalSection(ProjectConfigurationPlatforms) = postSolution
		{F52C59A3-B197-49D7-A116-0FDDA58CB4F2}.Debug|Any CPU.ActiveCfg = Debug|Any CPU
		{F52C59A3-B197-49D7-A116-0FDDA58CB4F2}.Debug|Any CPU.Build.0 = Debug|Any CPU
		{F52C59A3-B197-49D7-A116-0FDDA58CB4F2}.Release|Any CPU.ActiveCfg = Release|Any CPU
		{F52C59A3-B197-49D7-A116-0FDDA58CB4F2}.Release|Any CPU.Build.0 = Release|Any CPU
		{C1DF1F73-95B6-42ED-8C07-3B126D1DF5D4}.Debug|Any CPU.ActiveCfg = Debug|Any CPU
		{C1DF1F73-95B6-42ED-8C07-3B126D1DF5D4}.Debug|Any CPU.Build.0 = Debug|Any CPU
		{C1DF1F73-95B6-42ED-8C07-3B126D1DF5D4}.Release|Any CPU.ActiveCfg = Release|Any CPU
		{C1DF1F73-95B6-42ED-8C07-3B126D1DF5D4}.Release|Any CPU.Build.0 = Release|Any CPU
		{39BE2BF7-0D0B-4964-9C1F-DEB88F304C9E}.Debug|Any CPU.ActiveCfg = Debug|Any CPU
		{39BE2BF7-0D0B-4964-9C1F-DEB88F304C9E}.Debug|Any CPU.Build.0 = Debug|Any CPU
		{39BE2BF7-0D0B-4964-9C1F-DEB88F304C9E}.Release|Any CPU.ActiveCfg = Release|Any CPU
		{39BE2BF7-0D0B-4964-9C1F-DEB88F304C9E}.Release|Any CPU.Build.0 = Release|Any CPU
	EndGlobalSection
	GlobalSection(SolutionProperties) = preSolution
		HideSolutionNode = FALSE
	EndGlobalSection
	GlobalSection(ExtensibilityGlobals) = postSolution
		SolutionGuid = {834BFF18-6A0C-4348-A0C8-EE56FCAF5A14}
	EndGlobalSection
EndGlobal
